
Microsoft Visual Studio Solution File, Format Version 12.00
# Visual Studio Version 17
VisualStudioVersion = 17.5.002.0
MinimumVisualStudioVersion = 10.0.40219.1
Project("{9A19103F-16F7-4668-BE54-9A1E7A4F7556}") = "014. Minimal API", "014. Minimal API.csproj", "{D1F90628-AD03-4ECA-9D9C-8D5D41E6FC5E}"
EndProject
Global
	GlobalSection(SolutionConfigurationPlatforms) = preSolution
		Debug|Any CPU = Debug|Any CPU
		Release|Any CPU = Release|Any CPU
	EndGlobalSection
	GlobalSection(ProjectConfigurationPlatforms) = postSolution
		{D1F90628-AD03-4ECA-9D9C-8D5D41E6FC5E}.Debug|Any CPU.ActiveCfg = Debug|Any CPU
		{D1F90628-AD03-4ECA-9D9C-8D5D41E6FC5E}.Debug|Any CPU.Build.0 = Debug|Any CPU
		{D1F90628-AD03-4ECA-9D9C-8D5D41E6FC5E}.Release|Any CPU.ActiveCfg = Release|Any CPU
		{D1F90628-AD03-4ECA-9D9C-8D5D41E6FC5E}.Release|Any CPU.Build.0 = Release|Any CPU
	EndGlobalSection
	GlobalSection(SolutionProperties) = preSolution
		HideSolutionNode = FALSE
	EndGlobalSection
	GlobalSection(ExtensibilityGlobals) = postSolution
		SolutionGuid = {64F70945-33C0-4D79-8D24-381A47D6BC27}
	EndGlobalSection
EndGlobal
