
Microsoft Visual Studio Solution File, Format Version 12.00
# Visual Studio Version 17
VisualStudioVersion = 17.5.002.0
MinimumVisualStudioVersion = 10.0.40219.1
Project("{9A19103F-16F7-4668-BE54-9A1E7A4F7556}") = "006. Interact", "006. Interact.csproj", "{D251629C-F500-4CAF-A3C4-3432323D4BE0}"
EndProject
Global
	GlobalSection(SolutionConfigurationPlatforms) = preSolution
		Debug|Any CPU = Debug|Any CPU
		Release|Any CPU = Release|Any CPU
	EndGlobalSection
	GlobalSection(ProjectConfigurationPlatforms) = postSolution
		{D251629C-F500-4CAF-A3C4-3432323D4BE0}.Debug|Any CPU.ActiveCfg = Debug|Any CPU
		{D251629C-F500-4CAF-A3C4-3432323D4BE0}.Debug|Any CPU.Build.0 = Debug|Any CPU
		{D251629C-F500-4CAF-A3C4-3432323D4BE0}.Release|Any CPU.ActiveCfg = Release|Any CPU
		{D251629C-F500-4CAF-A3C4-3432323D4BE0}.Release|Any CPU.Build.0 = Release|Any CPU
	EndGlobalSection
	GlobalSection(SolutionProperties) = preSolution
		HideSolutionNode = FALSE
	EndGlobalSection
	GlobalSection(ExtensibilityGlobals) = postSolution
		SolutionGuid = {73AA8DAC-F876-433C-B34D-4D96C216D875}
	EndGlobalSection
EndGlobal
